
Microsoft Visual Studio Solution File, Format Version 12.00
# Visual Studio Version 17
VisualStudioVersion = 17.5.33414.496
MinimumVisualStudioVersion = 10.0.40219.1
Project("{FAE04EC0-301F-11D3-BF4B-00C04F79EFBC}") = "TodoApi", "TodoApi.csproj", "{CDD7F204-0C89-4093-8960-0C6956263B0D}"
EndProject
Global
	GlobalSection(SolutionConfigurationPlatforms) = preSolution
		Debug|Any CPU = Debug|Any CPU
		Release|Any CPU = Release|Any CPU
	EndGlobalSection
	GlobalSection(ProjectConfigurationPlatforms) = postSolution
		{CDD7F204-0C89-4093-8960-0C6956263B0D}.Debug|Any CPU.ActiveCfg = Debug|Any CPU
		{CDD7F204-0C89-4093-8960-0C6956263B0D}.Debug|Any CPU.Build.0 = Debug|Any CPU
		{CDD7F204-0C89-4093-8960-0C6956263B0D}.Release|Any CPU.ActiveCfg = Release|Any CPU
		{CDD7F204-0C89-4093-8960-0C6956263B0D}.Release|Any CPU.Build.0 = Release|Any CPU
	EndGlobalSection
	GlobalSection(SolutionProperties) = preSolution
		HideSolutionNode = FALSE
	EndGlobalSection
	GlobalSection(ExtensibilityGlobals) = postSolution
		SolutionGuid = {FB5DAE3F-BE94-4180-BD82-95E5D993E857}
	EndGlobalSection
EndGlobal
